
Microsoft Visual Studio Solution File, Format Version 12.00
# Visual Studio Version 17
VisualStudioVersion = 17.1.32328.378
MinimumVisualStudioVersion = 10.0.40219.1
Project("{FAE04EC0-301F-11D3-BF4B-00C04F79EFBC}") = "OtusIoc", "OtusIoc\OtusIoc.csproj", "{DA7439C5-56E1-46E9-BA3A-7792855DFF00}"
EndProject
Project("{FAE04EC0-301F-11D3-BF4B-00C04F79EFBC}") = "OtusIoc.Tests", "OtusIoc.Tests\OtusIoc.Tests.csproj", "{2FF4DB1C-A729-42D3-9C26-B61520DA5B1E}"
EndProject
Global
	GlobalSection(SolutionConfigurationPlatforms) = preSolution
		Debug|Any CPU = Debug|Any CPU
		Release|Any CPU = Release|Any CPU
	EndGlobalSection
	GlobalSection(ProjectConfigurationPlatforms) = postSolution
		{DA7439C5-56E1-46E9-BA3A-7792855DFF00}.Debug|Any CPU.ActiveCfg = Debug|Any CPU
		{DA7439C5-56E1-46E9-BA3A-7792855DFF00}.Debug|Any CPU.Build.0 = Debug|Any CPU
		{DA7439C5-56E1-46E9-BA3A-7792855DFF00}.Release|Any CPU.ActiveCfg = Release|Any CPU
		{DA7439C5-56E1-46E9-BA3A-7792855DFF00}.Release|Any CPU.Build.0 = Release|Any CPU
		{2FF4DB1C-A729-42D3-9C26-B61520DA5B1E}.Debug|Any CPU.ActiveCfg = Debug|Any CPU
		{2FF4DB1C-A729-42D3-9C26-B61520DA5B1E}.Debug|Any CPU.Build.0 = Debug|Any CPU
		{2FF4DB1C-A729-42D3-9C26-B61520DA5B1E}.Release|Any CPU.ActiveCfg = Release|Any CPU
		{2FF4DB1C-A729-42D3-9C26-B61520DA5B1E}.Release|Any CPU.Build.0 = Release|Any CPU
	EndGlobalSection
	GlobalSection(SolutionProperties) = preSolution
		HideSolutionNode = FALSE
	EndGlobalSection
	GlobalSection(ExtensibilityGlobals) = postSolution
		SolutionGuid = {9DD6A84C-4786-4376-9A76-7449AB61D721}
	EndGlobalSection
EndGlobal
